
Microsoft Visual Studio Solution File, Format Version 12.00
# Visual Studio Version 17
VisualStudioVersion = 17.0.31815.197
MinimumVisualStudioVersion = 10.0.40219.1
Project("{FAE04EC0-301F-11D3-BF4B-00C04F79EFBC}") = "ClassLibrary1", "ClassLibrary1\ClassLibrary1.csproj", "{CE015547-EA8D-42D4-B22F-35505DB04FD0}"
EndProject
Project("{9A19103F-16F7-4668-BE54-9A1E7A4F7556}") = "MLModel1_ConsoleApp1", "MLModel1_ConsoleApp1\MLModel1_ConsoleApp1.csproj", "{C822672F-FDD6-4822-B45D-333643D4FBE5}"
EndProject
Global
	GlobalSection(SolutionConfigurationPlatforms) = preSolution
		Debug|Any CPU = Debug|Any CPU
		Release|Any CPU = Release|Any CPU
	EndGlobalSection
	GlobalSection(ProjectConfigurationPlatforms) = postSolution
		{CE015547-EA8D-42D4-B22F-35505DB04FD0}.Debug|Any CPU.ActiveCfg = Debug|Any CPU
		{CE015547-EA8D-42D4-B22F-35505DB04FD0}.Debug|Any CPU.Build.0 = Debug|Any CPU
		{CE015547-EA8D-42D4-B22F-35505DB04FD0}.Release|Any CPU.ActiveCfg = Release|Any CPU
		{CE015547-EA8D-42D4-B22F-35505DB04FD0}.Release|Any CPU.Build.0 = Release|Any CPU
		{C822672F-FDD6-4822-B45D-333643D4FBE5}.Debug|Any CPU.ActiveCfg = Debug|Any CPU
		{C822672F-FDD6-4822-B45D-333643D4FBE5}.Debug|Any CPU.Build.0 = Debug|Any CPU
		{C822672F-FDD6-4822-B45D-333643D4FBE5}.Release|Any CPU.ActiveCfg = Release|Any CPU
		{C822672F-FDD6-4822-B45D-333643D4FBE5}.Release|Any CPU.Build.0 = Release|Any CPU
	EndGlobalSection
	GlobalSection(SolutionProperties) = preSolution
		HideSolutionNode = FALSE
	EndGlobalSection
	GlobalSection(ExtensibilityGlobals) = postSolution
		SolutionGuid = {8639501F-FA08-4D12-B8BF-3A97EE4FBD28}
	EndGlobalSection
EndGlobal
