
Microsoft Visual Studio Solution File, Format Version 12.00
# Visual Studio Version 17
VisualStudioVersion = 17.0.31815.197
MinimumVisualStudioVersion = 10.0.40219.1
Project("{FAE04EC0-301F-11D3-BF4B-00C04F79EFBC}") = "ConsoleApp1", "ConsoleApp1\ConsoleApp1.csproj", "{F60F6B12-8D45-4FF6-8C0D-4A66514EA2F7}"
EndProject
Global
	GlobalSection(SolutionConfigurationPlatforms) = preSolution
		Debug|Any CPU = Debug|Any CPU
		Release|Any CPU = Release|Any CPU
	EndGlobalSection
	GlobalSection(ProjectConfigurationPlatforms) = postSolution
		{F60F6B12-8D45-4FF6-8C0D-4A66514EA2F7}.Debug|Any CPU.ActiveCfg = Debug|Any CPU
		{F60F6B12-8D45-4FF6-8C0D-4A66514EA2F7}.Debug|Any CPU.Build.0 = Debug|Any CPU
		{F60F6B12-8D45-4FF6-8C0D-4A66514EA2F7}.Release|Any CPU.ActiveCfg = Release|Any CPU
		{F60F6B12-8D45-4FF6-8C0D-4A66514EA2F7}.Release|Any CPU.Build.0 = Release|Any CPU
	EndGlobalSection
	GlobalSection(SolutionProperties) = preSolution
		HideSolutionNode = FALSE
	EndGlobalSection
	GlobalSection(ExtensibilityGlobals) = postSolution
		SolutionGuid = {C8296A4B-40AD-4085-BA0F-A90F6013ABC2}
	EndGlobalSection
EndGlobal
